
Microsoft Visual Studio Solution File, Format Version 12.00
# Visual Studio 14
VisualStudioVersion = 14.0.25420.1
MinimumVisualStudioVersion = 10.0.40219.1
Project("{8BB2217D-0F2D-49D1-97BC-3654ED321F3B}") = "Server", "Server\Server.xproj", "{DCDF1ECD-9066-4D42-AAFE-E5BACE8F1590}"
EndProject
Project("{2150E333-8FDC-42A3-9474-1A3956D46DE8}") = "Solution Items", "Solution Items", "{92B6A376-61FA-4BC4-99D2-B68D988F7544}"
	ProjectSection(SolutionItems) = preProject
		global.json = global.json
	EndProjectSection
EndProject
Project("{FAE04EC0-301F-11D3-BF4B-00C04F79EFBC}") = "core.Portable", "core.Portable\core.Portable.csproj", "{661DC64D-6282-422C-A6AF-60E3C8A63BCC}"
EndProject
Project("{8BB2217D-0F2D-49D1-97BC-3654ED321F3B}") = "Game.Console", "Game.Console\Game.Console.xproj", "{520FC5C5-4EA6-4FF7-B008-EA72E256A539}"
	ProjectSection(ProjectDependencies) = postProject
		{661DC64D-6282-422C-A6AF-60E3C8A63BCC} = {661DC64D-6282-422C-A6AF-60E3C8A63BCC}
	EndProjectSection
EndProject
Global
	GlobalSection(SolutionConfigurationPlatforms) = preSolution
		Debug|Any CPU = Debug|Any CPU
		Release|Any CPU = Release|Any CPU
	EndGlobalSection
	GlobalSection(ProjectConfigurationPlatforms) = postSolution
		{DCDF1ECD-9066-4D42-AAFE-E5BACE8F1590}.Debug|Any CPU.ActiveCfg = Debug|Any CPU
		{DCDF1ECD-9066-4D42-AAFE-E5BACE8F1590}.Debug|Any CPU.Build.0 = Debug|Any CPU
		{DCDF1ECD-9066-4D42-AAFE-E5BACE8F1590}.Release|Any CPU.ActiveCfg = Release|Any CPU
		{661DC64D-6282-422C-A6AF-60E3C8A63BCC}.Debug|Any CPU.ActiveCfg = Debug|Any CPU
		{661DC64D-6282-422C-A6AF-60E3C8A63BCC}.Debug|Any CPU.Build.0 = Debug|Any CPU
		{661DC64D-6282-422C-A6AF-60E3C8A63BCC}.Release|Any CPU.ActiveCfg = Release|Any CPU
		{661DC64D-6282-422C-A6AF-60E3C8A63BCC}.Release|Any CPU.Build.0 = Release|Any CPU
		{520FC5C5-4EA6-4FF7-B008-EA72E256A539}.Debug|Any CPU.ActiveCfg = Debug|Any CPU
		{520FC5C5-4EA6-4FF7-B008-EA72E256A539}.Debug|Any CPU.Build.0 = Debug|Any CPU
		{520FC5C5-4EA6-4FF7-B008-EA72E256A539}.Release|Any CPU.ActiveCfg = Release|Any CPU
		{520FC5C5-4EA6-4FF7-B008-EA72E256A539}.Release|Any CPU.Build.0 = Release|Any CPU
	EndGlobalSection
	GlobalSection(SolutionProperties) = preSolution
		HideSolutionNode = FALSE
	EndGlobalSection
EndGlobal
